<?xml version="1.0" encoding="utf-8"?>
<Project ToolsVersion="4.0" xmlns="http://schemas.microsoft.com/developer/msbuild/2003">
  <ItemGroup>
    <Filter Include="Source Files">
      <UniqueIdentifier>{E9C7FDCE-D52A-8D73-7EB0-C5296AF258F6}</UniqueIdentifier>
    </Filter>
    <Filter Include="Header Files">
      <UniqueIdentifier>{21EB8090-0D4E-1035-B6D3-48EBA215DCB7}</UniqueIdentifier>
    </Filter>
    <Filter Include="Application Resource Files">
      <UniqueIdentifier>{D4D62349-C0E6-CF19-29A0-343815CFBEB2}</UniqueIdentifier>
    </Filter>
    <Filter Include="Mech">
      <UniqueIdentifier>{dc0fefed-4927-4563-bce1-636870577771}</UniqueIdentifier>
    </Filter>
    <Filter Include="Shaders">
      <UniqueIdentifier>{4d2442a0-24ba-406f-bcd1-9789fcf1d0e7}</UniqueIdentifier>
    </Filter>
    <Filter Include="Buildings">
      <UniqueIdentifier>{2f3770ee-70cf-4ff9-a47c-8bb1e2d8fdc7}</UniqueIdentifier>
    </Filter>
    <Filter Include="Camera">
      <UniqueIdentifier>{f67acc43-d257-4aac-940c-5c50c01b2bd9}</UniqueIdentifier>
    </Filter>
    <Filter Include="Debug">
      <UniqueIdentifier>{67fdaeda-b048-467f-82a1-91ab894ff066}</UniqueIdentifier>
    </Filter>
  </ItemGroup>
  <ItemGroup>
    <ClCompile Include="src\main.cpp">
      <Filter>Source Files</Filter>
    </ClCompile>
    <ClCompile Include="src\MechAnimation.cpp">
      <Filter>Mech</Filter>
    </ClCompile>
    <ClCompile Include="src\Shaders.cpp">
      <Filter>Shaders</Filter>
    </ClCompile>
    <ClCompile Include="src\Mech.cpp">
      <Filter>Mech</Filter>
    </ClCompile>
    <ClCompile Include="src\Buildings.cpp">
      <Filter>Buildings</Filter>
    </ClCompile>
    <ClCompile Include="src\Camera.cpp">
      <Filter>Camera</Filter>
    </ClCompile>
    <ClCompile Include="src\DebugDraw.cpp">
      <Filter>Debug</Filter>
    </ClCompile>
  </ItemGroup>
  <ItemGroup>
    <None Include="src\raylib.ico">
      <Filter>Application Resource Files</Filter>
    </None>
  </ItemGroup>
  <ItemGroup>
    <ResourceCompile Include="src\raylib.rc">
      <Filter>Application Resource Files</Filter>
    </ResourceCompile>
  </ItemGroup>
  <ItemGroup>
    <ClInclude Include="src\MechAnimation.h">
      <Filter>Mech</Filter>
    </ClInclude>
    <ClInclude Include="src\Shaders.h">
      <Filter>Shaders</Filter>
    </ClInclude>
    <ClInclude Include="src\Mech.h">
      <Filter>Mech</Filter>
    </ClInclude>
    <ClInclude Include="src\Buildings.h">
      <Filter>Buildings</Filter>
    </ClInclude>
    <ClInclude Include="src\Camera.h">
      <Filter>Camera</Filter>
    </ClInclude>
    <ClInclude Include="src\raymathext.h">
      <Filter>Header Files</Filter>
    </ClInclude>
    <ClInclude Include="src\DebugDraw.h">
      <Filter>Debug</Filter>
    </ClInclude>
  </ItemGroup>
</Project>